{
  "projects": [
    {
      "projectId": "r3ASNrnyvLLLAtDvzUioQ",
      "version": "4.6.0",
      "dependencies": {},
      "lang": "ts",
      "fileLocks": [
        {
          "assetId": "r3ASNrnyvLLLAtDvzUioQ",
          "type": "projectCss",
          "checksum": "e1ec850476829c38b0f9b6d4f7ac446a"
        }
      ],
      "codegenVersion": "0.0.1"
    },
    {
      "projectId": "caTPwKxj5ZrD9LQ7DMdK4Z",
      "version": "3.38.0",
      "dependencies": {},
      "lang": "ts",
      "fileLocks": [
        {
          "assetId": "caTPwKxj5ZrD9LQ7DMdK4Z",
          "type": "projectCss",
          "checksum": "e1ec850476829c38b0f9b6d4f7ac446a"
        }
      ],
      "codegenVersion": "0.0.1"
    },
    {
      "projectId": "7nJ7UcFmq9UzB6eXfC5z4a",
      "version": "0.29.0",
      "dependencies": {},
      "lang": "ts",
      "fileLocks": [
        {
          "assetId": "7nJ7UcFmq9UzB6eXfC5z4a",
          "type": "projectCss",
          "checksum": "05587b57f22f0ec8bb54543deb39762e"
        }
      ],
      "codegenVersion": "0.0.1"
    },
    {
      "projectId": "eyT2PqiWhxDZs7CQ7z9Crs",
      "version": "latest",
      "dependencies": {
        "7nJ7UcFmq9UzB6eXfC5z4a": "0.29.0",
        "caTPwKxj5ZrD9LQ7DMdK4Z": "3.38.0",
        "r3ASNrnyvLLLAtDvzUioQ": "4.6.0"
      },
      "lang": "ts",
      "fileLocks": [
        {
          "type": "globalVariant",
          "assetId": "Soy5WCj6EAlp",
          "checksum": "e235a1d55746d2d0bb4ed1072cdfc762"
        },
        {
          "type": "renderModule",
          "assetId": "mei7JbA8WuD_",
          "checksum": "3490d695c496506bfa3457f7cda3d722"
        },
        {
          "type": "cssRules",
          "assetId": "mei7JbA8WuD_",
          "checksum": "3490d695c496506bfa3457f7cda3d722"
        },
        {
          "type": "renderModule",
          "assetId": "UomJikB-MHPg",
          "checksum": "9b4935a568e54456e8fda4ac2f1f66eb"
        },
        {
          "type": "cssRules",
          "assetId": "UomJikB-MHPg",
          "checksum": "9b4935a568e54456e8fda4ac2f1f66eb"
        },
        {
          "type": "renderModule",
          "assetId": "8_CPeh1dPohW",
          "checksum": "7557a85698b6619a8b901cde55c507b5"
        },
        {
          "type": "cssRules",
          "assetId": "8_CPeh1dPohW",
          "checksum": "7557a85698b6619a8b901cde55c507b5"
        },
        {
          "type": "renderModule",
          "assetId": "Ej8Oq67_Ed88",
          "checksum": "9ead427f9a53af6f4c4016327e1ee0a7"
        },
        {
          "type": "cssRules",
          "assetId": "Ej8Oq67_Ed88",
          "checksum": "9ead427f9a53af6f4c4016327e1ee0a7"
        },
        {
          "type": "renderModule",
          "assetId": "L3iC9rlhtakQ",
          "checksum": "71507dcce1ba15777857e28daf802e09"
        },
        {
          "type": "cssRules",
          "assetId": "L3iC9rlhtakQ",
          "checksum": "71507dcce1ba15777857e28daf802e09"
        },
        {
          "type": "renderModule",
          "assetId": "iWQkE3NKXCME",
          "checksum": "cd497c6dafb0a5f94af1b7028ef61ec6"
        },
        {
          "type": "cssRules",
          "assetId": "iWQkE3NKXCME",
          "checksum": "cd497c6dafb0a5f94af1b7028ef61ec6"
        },
        {
          "type": "renderModule",
          "assetId": "oqrM1W39v85C",
          "checksum": "b98da388e454bd36ee12337b8b9dc734"
        },
        {
          "type": "cssRules",
          "assetId": "oqrM1W39v85C",
          "checksum": "b98da388e454bd36ee12337b8b9dc734"
        },
        {
          "type": "renderModule",
          "assetId": "OeuHltNxsDAr",
          "checksum": "6258ef02efe1856b2a26f1ad820a69d1"
        },
        {
          "type": "cssRules",
          "assetId": "OeuHltNxsDAr",
          "checksum": "6258ef02efe1856b2a26f1ad820a69d1"
        },
        {
          "type": "renderModule",
          "assetId": "ufi_WwBgb6bZ",
          "checksum": "52754ca7a5b4d8a20186a6599d4d05c7"
        },
        {
          "type": "cssRules",
          "assetId": "ufi_WwBgb6bZ",
          "checksum": "52754ca7a5b4d8a20186a6599d4d05c7"
        },
        {
          "type": "icon",
          "assetId": "inx-D0cTgs9o",
          "checksum": "fc09d3a239616041dacd908c2aea2c25"
        },
        {
          "type": "icon",
          "assetId": "ssvaBdYAmd5k",
          "checksum": "90a31cf8bbc25bbdf1fb32e635c7e7b0"
        },
        {
          "type": "icon",
          "assetId": "k1nzEig6_IuP",
          "checksum": "0564530b7d76b885487828afc8e98fa9"
        },
        {
          "type": "icon",
          "assetId": "7suXTlNLYGdq",
          "checksum": "bed87aa4f57c3f3fd0a7043b52c75591"
        },
        {
          "type": "icon",
          "assetId": "ljvEGb5Ie0-M",
          "checksum": "8502c763ca7f5bd01e400bfb32bca7ad"
        },
        {
          "type": "icon",
          "assetId": "oIpecP94Dn0i",
          "checksum": "7cbed3da957df4d494ae347d9e40b5ba"
        },
        {
          "type": "icon",
          "assetId": "7DWjsRKm2b15",
          "checksum": "6a9377646d4b4b386538798d7c1d46bb"
        },
        {
          "type": "icon",
          "assetId": "KrRcLMR3kuw_",
          "checksum": "eb8315cf72d11310d42555f41b28287c"
        },
        {
          "type": "icon",
          "assetId": "W5d2YP9U9hYp",
          "checksum": "8a270335369bb8356d9e30076ee7c743"
        },
        {
          "type": "icon",
          "assetId": "L5XepBTDjOQY",
          "checksum": "6073945fc4b48324879aa6ee5ce5249d"
        },
        {
          "type": "icon",
          "assetId": "MCuNvozgOK68",
          "checksum": "24e71ae6ede34d49f745ae50765ac068"
        },
        {
          "type": "icon",
          "assetId": "ig_bN9pN7RvL",
          "checksum": "78e3feae56f9207184b9459d1a1d2477"
        },
        {
          "type": "icon",
          "assetId": "Xp67Alx9TWFK",
          "checksum": "ee37111bb4e5ca731d47abe739f21494"
        },
        {
          "type": "icon",
          "assetId": "h5UZEXg9Y_YQ",
          "checksum": "4e3c3d84761cb38113922470fed2a812"
        },
        {
          "type": "icon",
          "assetId": "NWYb9-xB-3oL",
          "checksum": "083b252af5abeec3e148b4f4df87d820"
        },
        {
          "type": "icon",
          "assetId": "QLzD9AsYu-en",
          "checksum": "ca4f05df6f7db9a9ec91ed8c784d1821"
        },
        {
          "type": "icon",
          "assetId": "EyW3icOlju90",
          "checksum": "637b9c06e581a6f6be874221b085974c"
        },
        {
          "type": "icon",
          "assetId": "kPb5yeJYB5zH",
          "checksum": "e2709b2db2ee8adff5a153f74e0d8e3e"
        },
        {
          "type": "icon",
          "assetId": "BaXwQvr6aeEs",
          "checksum": "32635f8ca6ae3dcb39712166696ebe78"
        },
        {
          "type": "icon",
          "assetId": "1QeVPUIodbvu",
          "checksum": "2984cb21c071a1323227abcb8614ee6d"
        },
        {
          "type": "icon",
          "assetId": "s8JAaJslkzyN",
          "checksum": "634a9dcf7f000daeade9acf15756bfb8"
        },
        {
          "type": "icon",
          "assetId": "-whbC82JKatU",
          "checksum": "5a58e8197e20d652b098d7bbc4b81455"
        },
        {
          "type": "icon",
          "assetId": "C9dYzNuRLeWc",
          "checksum": "2bbddfc2f2795410783ce2de6f8f3cf5"
        },
        {
          "type": "icon",
          "assetId": "ARuKMzUkLQza",
          "checksum": "2ae319c9f149b33689b495801952be2a"
        },
        {
          "type": "icon",
          "assetId": "1geHLc8FuYXd",
          "checksum": "862b6cd7445954f1088bda050a8303b1"
        },
        {
          "type": "icon",
          "assetId": "2bQWtG7VlKIi",
          "checksum": "ea3156fe39999617661195ff3eb303d7"
        },
        {
          "type": "image",
          "assetId": "YReyGMRUfHIN",
          "checksum": "b9308f51bf0dd36b2154fe9a6e2cf191"
        },
        {
          "type": "image",
          "assetId": "fi-cCLkYplv8",
          "checksum": "54513bc0f2a227c1136fd8f238ad2035"
        },
        {
          "type": "image",
          "assetId": "Ah3dKSe0oz_3",
          "checksum": "02def8f8d1e05c712c0458e46fc73ad5"
        },
        {
          "type": "image",
          "assetId": "dGIrssx5ELHV",
          "checksum": "5a1cee71266c78815b1bfe9169066505"
        },
        {
          "type": "image",
          "assetId": "JpG4ytDZeDO9",
          "checksum": "fe02df0057edfbe48f2a2293c516bd17"
        },
        {
          "type": "image",
          "assetId": "Je7M1dSOfNlh",
          "checksum": "1219127ec42b368c3ff561513d551354"
        },
        {
          "type": "image",
          "assetId": "TeeYrrKDpXS1",
          "checksum": "b1b19f0655e02a84f45297c3e3e12421"
        },
        {
          "type": "image",
          "assetId": "nFyYVzJWTIjW",
          "checksum": "b1fda133783561f58314a2c36194fc29"
        },
        {
          "type": "image",
          "assetId": "3xQdEdpMtZFp",
          "checksum": "f6c4c0ba16c12be50047ecc6eec48ab7"
        },
        {
          "type": "image",
          "assetId": "B3cQ-z4iqYxj",
          "checksum": "3c250db8b03cd1d34be2c618b5f52fbe"
        },
        {
          "assetId": "eyT2PqiWhxDZs7CQ7z9Crs",
          "type": "projectCss",
          "checksum": "935eb5361a0dcc0dfa0c663fb252708d"
        }
      ],
      "codegenVersion": "0.0.1"
    }
  ],
  "cliVersion": "0.1.334"
}
